{
  "version": "2",
  "remote": {
    "https://cdn.skypack.dev/-/@digitalbazaar/ed25519-signature-2020@v5.2.0-FH3ZUmsTxQLbn1SlgJFu/dist=es2019,mode=imports/optimized/@digitalbazaar/ed25519-signature-2020.js": "6521408525de7c5ea3100cc6c2cc870cdcae1d3a9499a4912bd11cdc5a4f7c8d",
    "https://cdn.skypack.dev/-/@digitalbazaar/ed25519-verification-key-2020@v4.1.0-JJH4QyNzY5NUPKkizEg9/dist=es2019,mode=imports/optimized/@digitalbazaar/ed25519-verification-key-2020.js": "fa8728f7546c52aae3e42e88dc215391d65c0bb6713b869aaae8992e50da430a",
    "https://cdn.skypack.dev/-/@noble/ed25519@v1.6.1-4sDdim6slQ3XUbEBYIGf/dist=es2019,mode=imports/optimized/@noble/ed25519.js": "cd4ae989fd7011520c8ce975ab3a9e059660c7498e8f95a38937e14a05a2e13f",
    "https://cdn.skypack.dev/-/base58-universal@v2.0.0-cQnwXlBO5gs8ETF8OO3w/dist=es2019,mode=imports/optimized/base58-universal.js": "610277de32b73e12884f95674710f068c12a62846080f89d2962aaf1b143d7c6",
    "https://cdn.skypack.dev/-/base64url-universal@v2.0.0-XVZ6x18kSooeRVSYg1aM/dist=es2019,mode=imports/optimized/base64url-universal.js": "376f7a6fac883184e0eaa341e18d1009684d1bc21ff398da761f44570af13714",
    "https://cdn.skypack.dev/-/canonicalize@v1.0.8-RvHqZHCPYtRrMP68ZjVJ/dist=es2019,mode=imports/optimized/canonicalize.js": "1ed9655333ac2bec97e891073042e9eee9ae58c22b03e3519adeef089789ed9f",
    "https://cdn.skypack.dev/-/crypto-ld@v7.0.0-qh290Gat8rLWMMMMyfAw/dist=es2019,mode=imports/optimized/crypto-ld.js": "23092b0a52d2ccb113ce1f2d90d5fb07029cdfd5aae02060a45052ef68212eb1",
    "https://cdn.skypack.dev/-/ed25519-signature-2018-context@v1.1.0-WGyRb6VzYjn7EntpIRAm/dist=es2019,mode=imports/optimized/ed25519-signature-2018-context.js": "08d890a874812dc1c2cd3c68916fc358f590ed133dd50753d2bcb9d131b7e031",
    "https://cdn.skypack.dev/-/ed25519-signature-2020-context@v1.1.0-hHPXGWsiCxst3XGBDuO1/dist=es2019,mode=imports/optimized/ed25519-signature-2020-context.js": "0ebcf58f20b1234714f01e5e291b5bae8d156881b5a5c874c81ccddd6fc4b458",
    "https://cdn.skypack.dev/-/fluture-sanctuary-types@v7.1.0-BwC0iBVtNveBsnlHupUq/dist=es2019,mode=imports/optimized/fluture-sanctuary-types.js": "e20fbbfc733bcba11cd3eb555a70e78795e5e56ed72700d5ee074f664638f26a",
    "https://cdn.skypack.dev/-/fluture-sanctuary-types@v7.1.0-BwC0iBVtNveBsnlHupUq/dist=es2019,mode=types/index.d.ts": "ed057a7eab98cd4acfd60e776b573ff802da6be985256a30fca4dbc56878bef0",
    "https://cdn.skypack.dev/-/fluture@v14.0.0-cc6RnYnyoQbTkFRftUyz/dist=es2019,mode=imports/optimized/common/seq-48151835.js": "fa12bce521ad99c5c9302e0f24bed742460467a7cf3ab38f91ab163276e13594",
    "https://cdn.skypack.dev/-/fluture@v14.0.0-cc6RnYnyoQbTkFRftUyz/dist=es2019,mode=imports/optimized/common/swap-7f08f708.js": "fed36a2018135bd917c36a0343d9e01075780749caba0e8f5327680e745957a5",
    "https://cdn.skypack.dev/-/fluture@v14.0.0-cc6RnYnyoQbTkFRftUyz/dist=es2019,mode=imports/optimized/fluture.js": "f432f93461a584f6fde67bd9593a0aaba2fedf59bb51b120d57435a273336d47",
    "https://cdn.skypack.dev/-/fluture@v14.0.0-cc6RnYnyoQbTkFRftUyz/dist=es2019,mode=imports/optimized/fluture/index.js": "f2e1fee745d0c8c29e4a250e08c381d954d08962cadad25a1af252ffc6a31048",
    "https://cdn.skypack.dev/-/jsonld-signatures@v11.1.0-PjP6StV2bpqj9e3ditRe/dist=es2019,mode=imports/optimized/jsonld-signatures.js": "27d9e4a2542401a6cf94c08023e0b327414c152e926740e9d904a624794e568a",
    "https://cdn.skypack.dev/-/jsonld-signatures@v11.2.1-irD4k5p1d3x07Sa1dxgl/dist=es2019,mode=imports/optimized/jsonld-signatures.js": "0b4d927e53b2ec1f4ec3b250554201b71669b4d0157daea0e0aeb331a44f1591",
    "https://cdn.skypack.dev/-/jsonld@v8.1.1-XolhNMVyKtnl7Wx784Gj/dist=es2019,mode=imports/optimized/jsonld.js": "a0dea5b0765a515a1f52c39167ed48700899679140b6e3c30ac708d8755b70f4",
    "https://cdn.skypack.dev/-/lru-cache@v6.0.0-IF3dXOIuVvZ6NoDdLuhR/dist=es2019,mode=imports/optimized/lru-cache.js": "9f317410d01919ed5e8979525691dbfffd87ce4e42be8b9c3ed9cd6fbc95236c",
    "https://cdn.skypack.dev/-/rdf-canonize@v3.3.0-J0i5ZCQKZKG5Q3g7h8gY/dist=es2019,mode=imports/optimized/rdf-canonize.js": "9d3d3b84c16cd9fb6de8e7668ee68119d4dd2562bb046ae56de4437fbbc6c4a7",
    "https://cdn.skypack.dev/-/sanctuary-def@v0.22.0-jaVfKy1mdjA6ZpKb87uG/dist=es2019,mode=imports/optimized/sanctuary-def.js": "0ae62481f6eb4342b584dbd7064d4ba5e029cda484971c7d4eb427c2023824b2",
    "https://cdn.skypack.dev/-/sanctuary-either@v2.1.0-ZjZ19tA64tgOFwbx2Vlb/dist=es2019,mode=imports/optimized/sanctuary-either.js": "9441883ba27cdd66ab6cf62e54abb8254a5ff3ca645fcba422fa2f0f3780ecf0",
    "https://cdn.skypack.dev/-/sanctuary-maybe@v2.1.0-N4ZJ0cKIR5RXbkrNQKEk/dist=es2019,mode=imports/optimized/sanctuary-maybe.js": "2cbdd3f4239ef98b0c0d5beb492866fb8353266da33160ffc7079338e7110a3f",
    "https://cdn.skypack.dev/-/sanctuary-pair@v2.1.0-p7adbIyP8mDBeVzgqqkF/dist=es2019,mode=imports/optimized/sanctuary-pair.js": "9815f46f58c6a6212cb0d18c18710717e26563fadcb209f287d78a0a740129a9",
    "https://cdn.skypack.dev/-/sanctuary-show@v2.0.0-CslS6PHedkWAAh8kuA9z/dist=es2019,mode=imports/optimized/sanctuary-show.js": "21b8c45435d55caa598e9c787d835f8785f1b673b328f7a2ceb2ed80dbe37dcb",
    "https://cdn.skypack.dev/-/sanctuary-type-classes@v12.1.0-Ru2Je9YdGEWiWehc5tzs/dist=es2019,mode=imports/optimized/sanctuary-type-classes.js": "9b85607f4849018d64490d9832036f6853479f249090be166e90daeaf6b51581",
    "https://cdn.skypack.dev/-/sanctuary-type-identifiers@v3.0.0-fxixUrlgwRXsKVqyFrl3/dist=es2019,mode=imports/optimized/sanctuary-type-identifiers.js": "8d0afa7dc8cad6dcc1fc5f6a25b19fbb642c4696c1be7c3f7280385787c0fb46",
    "https://cdn.skypack.dev/-/sanctuary@v3.1.0-yvUv2YUubSPIiWvZhy1c/dist=es2019,mode=imports/optimized/sanctuary.js": "31167ade43e03d1588715ce4a9c640e2f384b7ffb76a4264fdb89c3b9a6495f9",
    "https://cdn.skypack.dev/-/sanctuary@v3.1.0-yvUv2YUubSPIiWvZhy1c/dist=es2019,mode=types/index.d.ts": "4b5b2f0132bb108992908e4a43783bb58156c7607f1e9eb6d3f91a707d075294",
    "https://cdn.skypack.dev/-/security-context@v4.0.0-IbxpeJWKFHBwT6Fc9dZU/dist=es2019,mode=imports/optimized/security-context.js": "6ac3aad2310b8fbd3c8b2de40bb61abfb86ffe19ac6dfb7516aac674384a9ab3",
    "https://cdn.skypack.dev/-/serialize-error@v8.1.0-VL3v0RiFrbDHvsGlk8vo/dist=es2019,mode=imports/optimized/serialize-error.js": "60f1fe7d9dfa049bb6e50c254f8b38b925d0be5be70bff3d06116a7bc58846fe",
    "https://cdn.skypack.dev/-/setimmediate@v1.0.5-uywfpDbDtsbU92820dkK/dist=es2019,mode=imports/optimized/setimmediate.js": "99d50f8af2d40c709f777ca1a43e7bc5f6c5f75206bfd4194e5213e80eecba83",
    "https://cdn.skypack.dev/-/yallist@v4.0.0-zGx9utyhIe9lDU5JvFtt/dist=es2019,mode=imports/optimized/yallist.js": "4854561a2ed352e797634de4d204325dcd352d25fd70a1a5780f355347d9ee53",
    "https://cdn.skypack.dev/@digitalbazaar/ed25519-verification-key-2020@4.1.0?dts": "9a8d061049d9fdb244d0736ea7c21ebe969e4c5239e8fbd6e75ec65fc65fbb5b",
    "https://cdn.skypack.dev/error/build:@digitalbazaar/security-context@v1.0.0-E87s6gZPQpsF3NO4ktob?from=jsonld-signatures": "6429d46410441abd5937b96ea778ff2e53ba8ce80cffa93a88cbe0b394335538",
    "https://cdn.skypack.dev/fluture-sanctuary-types@7.1.0?dts": "a6f0eb1ac7a630789406714b5a89a97cb4724bb610d88db6686b9f3413e03b13",
    "https://cdn.skypack.dev/jsonld-signatures@11.1.0?dts": "cba1d107721e8cebe5472b065ebee7c1911f07d477ccdeaa004c72f39cb0a8a6",
    "https://cdn.skypack.dev/sanctuary-def@0.22.0?dts": "e02ed59f007b71e3d6172494f7688a881e440f6bf5a8811997efe8d448a43ca1",
    "https://cdn.skypack.dev/sanctuary@3.1.0?dts": "a2f41c50ee2542e3795520e5e42941468048197c6d0902d11f270f2ed4946f63",
    "https://deno.land/std@0.186.0/fmt/colors.ts": "d67e3cd9f472535241a8e410d33423980bec45047e343577554d3356e1f0ef4e",
    "https://deno.land/std@0.186.0/testing/_diff.ts": "1a3c044aedf77647d6cac86b798c6417603361b66b54c53331b312caeb447aea",
    "https://deno.land/std@0.186.0/testing/_format.ts": "a69126e8a469009adf4cf2a50af889aca364c349797e63174884a52ff75cf4c7",
    "https://deno.land/std@0.186.0/testing/asserts.ts": "e16d98b4d73ffc4ed498d717307a12500ae4f2cbe668f1a215632d19fcffc22f"
  }
}
