{
  "version": "2",
  "remote": {
    "https://deno.land/std@0.177.0/_util/asserts.ts": "178dfc49a464aee693a7e285567b3d0b555dc805ff490505a8aae34f9cfb1462",
    "https://deno.land/std@0.177.0/_util/os.ts": "d932f56d41e4f6a6093d56044e29ce637f8dcc43c5a90af43504a889cf1775e3",
    "https://deno.land/std@0.177.0/async/abortable.ts": "73acfb3ed7261ce0d930dbe89e43db8d34e017b063cf0eaa7d215477bf53442e",
    "https://deno.land/std@0.177.0/async/deadline.ts": "c5facb0b404eede83e38bd2717ea8ab34faa2ffb20ef87fd261fcba32ba307aa",
    "https://deno.land/std@0.177.0/async/debounce.ts": "adab11d04ca38d699444ac8a9d9856b4155e8dda2afd07ce78276c01ea5a4332",
    "https://deno.land/std@0.177.0/async/deferred.ts": "42790112f36a75a57db4a96d33974a936deb7b04d25c6084a9fa8a49f135def8",
    "https://deno.land/std@0.177.0/async/delay.ts": "73aa04cec034c84fc748c7be49bb15cac3dd43a57174bfdb7a4aec22c248f0dd",
    "https://deno.land/std@0.177.0/async/mod.ts": "f04344fa21738e5ad6bea37a6bfffd57c617c2d372bb9f9dcfd118a1b622e576",
    "https://deno.land/std@0.177.0/async/mux_async_iterator.ts": "70c7f2ee4e9466161350473ad61cac0b9f115cff4c552eaa7ef9d50c4cbb4cc9",
    "https://deno.land/std@0.177.0/async/pool.ts": "fd082bd4aaf26445909889435a5c74334c017847842ec035739b4ae637ae8260",
    "https://deno.land/std@0.177.0/async/retry.ts": "5efa3ba450ac0c07a40a82e2df296287b5013755d232049efd7ea2244f15b20f",
    "https://deno.land/std@0.177.0/async/tee.ts": "47e42d35f622650b02234d43803d0383a89eb4387e1b83b5a40106d18ae36757",
    "https://deno.land/std@0.177.0/bytes/index_of_needle.ts": "65c939607df609374c4415598fa4dad04a2f14c4d98cd15775216f0aaf597f24",
    "https://deno.land/std@0.177.0/crypto/_wasm/lib/deno_std_wasm_crypto.generated.mjs": "5dedb7f9aa05f0e18ed017691c58df5f4686e4cbbd70368c6f896e5cca03f2b4",
    "https://deno.land/std@0.177.0/crypto/_wasm/mod.ts": "e2df88236fc061eac7a89e8cb0b97843f5280b08b2a990e473b7397a3e566003",
    "https://deno.land/std@0.177.0/crypto/timing_safe_equal.ts": "8d69ab611c67fe51b6127d97fcfb4d8e7d0e1b6b4f3e0cc4ab86744c3691f965",
    "https://deno.land/std@0.177.0/encoding/base64.ts": "7de04c2f8aeeb41453b09b186480be90f2ff357613b988e99fabb91d2eeceba1",
    "https://deno.land/std@0.177.0/encoding/base64url.ts": "3f1178f6446834457b16bfde8b559c1cd3481727fe384d3385e4a9995dc2d851",
    "https://deno.land/std@0.177.0/encoding/hex.ts": "50f8c95b52eae24395d3dfcb5ec1ced37c5fe7610ef6fffdcc8b0fdc38e3b32f",
    "https://deno.land/std@0.177.0/flags/mod.ts": "d1cdefa18472ef69858a17df5cf7c98445ed27ac10e1460183081303b0ebc270",
    "https://deno.land/std@0.177.0/fmt/colors.ts": "938c5d44d889fb82eff6c358bea8baa7e85950a16c9f6dae3ec3a7a729164471",
    "https://deno.land/std@0.177.0/fmt/printf.ts": "e5b426cd6ad13df5d408e9c375c025d59de30e380c5534715bd892df874ab057",
    "https://deno.land/std@0.177.0/node/_core.ts": "9a58c0ef98ee77e9b8fcc405511d1b37a003a705eb6a9b6e95f75434d8009adc",
    "https://deno.land/std@0.177.0/node/_crypto/crypto_browserify/asn1.js/base/buffer.js": "c9364c761681134015ec8ba6f33b39c067d6e5dd59860d55face8d5be8522744",
    "https://deno.land/std@0.177.0/node/_crypto/crypto_browserify/asn1.js/base/node.js": "8f7f23bfa300990bbd6db7e7395e9688b54a04e3eb2fab5cab9a9a72e26c525f",
    "https://deno.land/std@0.177.0/node/_crypto/crypto_browserify/asn1.js/base/reporter.js": "788aec7662991da549e5f7f3edbc3e3d6c6cecabc894b18d1a705b0f204e06c3",
    "https://deno.land/std@0.177.0/node/_crypto/crypto_browserify/asn1.js/constants/der.js": "57181db0519bb3864a6cdf4e7eb9bfeb1bf5f80605187fbe80e27083b473e367",
    "https://deno.land/std@0.177.0/node/_crypto/crypto_browserify/asn1.js/decoders/der.js": "fdc4de98c9b0b59db169a2b225895741e2ab34b00e14315ac2ff5e389d6db16e",
    "https://deno.land/std@0.177.0/node/_crypto/crypto_browserify/asn1.js/decoders/pem.js": "fd7f0072c193c82959fec0374f4fd3adf3f4ac38594fd404d66b3e8724107151",
    "https://deno.land/std@0.177.0/node/_crypto/crypto_browserify/asn1.js/encoders/der.js": "137bc4f8fe66b9950c743025e199789e25342f791e2d52353ceb016ad2854b42",
    "https://deno.land/std@0.177.0/node/_crypto/crypto_browserify/asn1.js/encoders/pem.js": "e43bc706973c4c27e1e2f96262daba3d38822cb10f5b494f6944c726ee655160",
    "https://deno.land/std@0.177.0/node/_crypto/crypto_browserify/asn1.js/mod.js": "1f88293688296be7a6c735bd8ea39425f5b274b94db1d6b7968dddfb54ac9d37",
    "https://deno.land/std@0.177.0/node/_crypto/crypto_browserify/bn.js/bn.js": "f3f3c1dae1aa55de9e6472af1d6bec5ccda4b4890ee5c52a90961137fe99564e",
    "https://deno.land/std@0.177.0/node/_crypto/crypto_browserify/browserify_aes/aes.js": "698e1ed386b7dff27b2d59fa1c75f506beceec96b78670a15a734e438c08f138",
    "https://deno.land/std@0.177.0/node/_crypto/crypto_browserify/browserify_aes/auth_cipher.js": "5c245b5685b066356a7c9529a3a441bf5f57823a6946ce1b0ef2e1af32bb76f4",
    "https://deno.land/std@0.177.0/node/_crypto/crypto_browserify/browserify_aes/decrypter.js": "39152b2b3409893b8548feeab7e5997ceb1595f31df0dedaf765708be8f025c0",
    "https://deno.land/std@0.177.0/node/_crypto/crypto_browserify/browserify_aes/encrypter.js": "f9cc703d5a7b5255999c1a3600fbf48ff564b65f827744877526803093ceebff",
    "https://deno.land/std@0.177.0/node/_crypto/crypto_browserify/browserify_aes/ghash.js": "759d80b760f44cd3a454b4f161fd03a7d6c359901446f0a907a6870cb66d6767",
    "https://deno.land/std@0.177.0/node/_crypto/crypto_browserify/browserify_aes/incr32.js": "2bdea27b74b3990ee56807a1a5abe335f118826beabeeb905459c8768094b28f",
    "https://deno.land/std@0.177.0/node/_crypto/crypto_browserify/browserify_aes/mod.js": "fe4affebbd210d885b2e5135c668751f9d10bc14aa0cc3905cbfff66f04b4c58",
    "https://deno.land/std@0.177.0/node/_crypto/crypto_browserify/browserify_aes/modes/cbc.js": "ff24b4506522a724ba7a03c1403ad8938aba45056f9fd47c7f0b4fcb3a640adf",
    "https://deno.land/std@0.177.0/node/_crypto/crypto_browserify/browserify_aes/modes/cfb.js": "643720a1db969b6bcc896c95523630838a8335513d02f340514fd524bb4113cb",
    "https://deno.land/std@0.177.0/node/_crypto/crypto_browserify/browserify_aes/modes/cfb1.js": "01c9a46aa3affd84a54ae33652fb0fa0ff7c862be2a459d9cb188cb8e2c4b11e",
    "https://deno.land/std@0.177.0/node/_crypto/crypto_browserify/browserify_aes/modes/cfb8.js": "97476cee25103e02a02b196d7fe6f28a9f0f9e47ee344687d7492bc7282a59f8",
    "https://deno.land/std@0.177.0/node/_crypto/crypto_browserify/browserify_aes/modes/ctr.js": "1e3835adb753cfe6761e4df8c43d190e31e1ca6a586fd582747c8255c82ed78d",
    "https://deno.land/std@0.177.0/node/_crypto/crypto_browserify/browserify_aes/modes/ecb.js": "79677b96d4af50c49f0a4f698e5c7e5a64f1d2926b799e0d2eac2cdd5ec7488c",
    "https://deno.land/std@0.177.0/node/_crypto/crypto_browserify/browserify_aes/modes/mod.js": "fe3db429b867a0a8066c64d7b33b840a1f24cad9174156384a763733f68cf518",
    "https://deno.land/std@0.177.0/node/_crypto/crypto_browserify/browserify_aes/modes/ofb.js": "3553308f98d078e2006eac39bb6d91818f8bb376b01d962ae98eabf6ee79ad4e",
    "https://deno.land/std@0.177.0/node/_crypto/crypto_browserify/browserify_aes/stream_cipher.js": "70f50f37ddec530ae95911ca2f286ebd2ddbd54d914ab0be461ec1dc3c61990f",
    "https://deno.land/std@0.177.0/node/_crypto/crypto_browserify/browserify_aes/xor.ts": "7132baacdb39ba82c3bfe325a60e68ca87469c0ed0cdd0508caf6f40bab852b8",
    "https://deno.land/std@0.177.0/node/_crypto/crypto_browserify/browserify_rsa.js": "96e0e4fee7c2cf75ef86d958c709bfc239297a080fd17ace5ea5ab699a1b6174",
    "https://deno.land/std@0.177.0/node/_crypto/crypto_browserify/cipher_base.js": "9ebc6ccc364cf7b23024821054d2e72a2d8da8d8a2a36cacdc5aa6cc6770ef93",
    "https://deno.land/std@0.177.0/node/_crypto/crypto_browserify/evp_bytes_to_key.ts": "7c4c27b6e321b2d7065a6703d90264921e9a805d91d9dfdb21103393228024e2",
    "https://deno.land/std@0.177.0/node/_crypto/crypto_browserify/parse_asn1/asn1.js": "7d99b6df508164169a33377346e8840d519fe2defccb362a023c92c5bd503433",
    "https://deno.land/std@0.177.0/node/_crypto/crypto_browserify/parse_asn1/certificate.js": "5795348417b3ec7aafa4854ba55f364e0148eadfdd29d1566c90e617237621bb",
    "https://deno.land/std@0.177.0/node/_crypto/crypto_browserify/parse_asn1/fix_proc.js": "858dd3e6ce264d75822cadc21bb55114f4e4867a706abde1663548aa2710fc1b",
    "https://deno.land/std@0.177.0/node/_crypto/crypto_browserify/parse_asn1/mod.js": "ea164fbd497ce3d710426742d4b72f71da8954c4ebaeb7eadc33316c5b0060f1",
    "https://deno.land/std@0.177.0/node/_crypto/crypto_browserify/public_encrypt/mgf.js": "dfac5008a550b3e7e6b851c4fb42e984aa9e7fae64707888f47f2aa0991c004d",
    "https://deno.land/std@0.177.0/node/_crypto/crypto_browserify/public_encrypt/mod.js": "0704326ff3ee2bb0764a964995d1aa62b1147b714ad5465e878ba4d57731e3db",
    "https://deno.land/std@0.177.0/node/_crypto/crypto_browserify/public_encrypt/private_decrypt.js": "8a1d11edb176d95d1e3bdf1aff5c3248a986bf9734d1a6b07508e29132d2f65c",
    "https://deno.land/std@0.177.0/node/_crypto/crypto_browserify/public_encrypt/public_encrypt.js": "f88b0e3c228d84096fdbc03e614e86bef86e56013cb9628b2425e31b3b142b2c",
    "https://deno.land/std@0.177.0/node/_crypto/crypto_browserify/public_encrypt/with_public.js": "752da754d253b5743d89c0f2432b6eb6f8815b80efd9ee588683e10a13d34400",
    "https://deno.land/std@0.177.0/node/_crypto/crypto_browserify/public_encrypt/xor.js": "087ebef8f6fcb8ca4c7216cc22de728d9a61ec27b9a036b900681ff25d6409af",
    "https://deno.land/std@0.177.0/node/_crypto/crypto_browserify/randombytes.ts": "23bde8be640e274d7bb88cf10d1da8bba252654252dc6a877fed86a77da5952c",
    "https://deno.land/std@0.177.0/node/_events.d.ts": "1347437fd6b084d7c9a4e16b9fe7435f00b030970086482edeeb3b179d0775af",
    "https://deno.land/std@0.177.0/node/_events.mjs": "d4ba4e629abe3db9f1b14659fd5c282b7da8b2b95eaf13238eee4ebb142a2448",
    "https://deno.land/std@0.177.0/node/_global.d.ts": "2d88342f38b4083b858998e27c706725fb03a74aa14ef8d985dc18438b5188e4",
    "https://deno.land/std@0.177.0/node/_next_tick.ts": "9a3cf107d59b019a355d3cf32275b4c6157282e4b68ea85b46a799cb1d379305",
    "https://deno.land/std@0.177.0/node/_process/exiting.ts": "6e336180aaabd1192bf99ffeb0d14b689116a3dec1dfb34a2afbacd6766e98ab",
    "https://deno.land/std@0.177.0/node/_process/process.ts": "c96bb1f6253824c372f4866ee006dcefda02b7050d46759736e403f862d91051",
    "https://deno.land/std@0.177.0/node/_process/stdio.mjs": "cf17727eac8da3a665851df700b5aca6a12bacc3ebbf33e63e4b919f80ba44a6",
    "https://deno.land/std@0.177.0/node/_process/streams.mjs": "408777fba99580567f3ee82ee584ca79012cc550f8dacb8c5ec633b58cd0c1ca",
    "https://deno.land/std@0.177.0/node/_stream.d.ts": "112e1a0677cd6db932c3ce0e6e5bbdc7a2ac1874572f449044ecc82afcf5ee2e",
    "https://deno.land/std@0.177.0/node/_stream.mjs": "d6e2c86c1158ac65b4c2ca4fa019d7e84374ff12e21e2175345fe68c0823efe3",
    "https://deno.land/std@0.177.0/node/_util/_util_callbackify.ts": "a7ffe799ac5f54f3a780ee1c9b190b94dc7dc8afbb430c0e1c73756638d25d64",
    "https://deno.land/std@0.177.0/node/_utils.ts": "7fd55872a0cf9275e3c080a60e2fa6d45b8de9e956ebcde9053e72a344185884",
    "https://deno.land/std@0.177.0/node/buffer.ts": "85617be2063eccaf177dbb84c7580d1e32023724ed14bd9df4e453b152a26167",
    "https://deno.land/std@0.177.0/node/crypto.ts": "2c94fa0f76e90190fbc34df891dc5c284bddb86c932fae8ac11747de3f75293c",
    "https://deno.land/std@0.177.0/node/events.ts": "d2de352d509de11a375e2cb397d6b98f5fed4e562fc1d41be33214903a38e6b0",
    "https://deno.land/std@0.177.0/node/internal/buffer.d.ts": "bdfa991cd88cb02fd08bf8235d2618550e3e511c970b2a8f2e1a6885a2793cac",
    "https://deno.land/std@0.177.0/node/internal/buffer.mjs": "e92303a3cc6d9aaabcd270a937ad9319825d9ba08cb332650944df4562029b27",
    "https://deno.land/std@0.177.0/node/internal/crypto/_keys.ts": "8f3c3b5a141aa0331a53c205e9338655f1b3b307a08085fd6ff6dda6f7c4190b",
    "https://deno.land/std@0.177.0/node/internal/crypto/_randomBytes.ts": "36dd164747f73b830ba86562abb160a8ac5bea34aaeb816a67f3005a00d41177",
    "https://deno.land/std@0.177.0/node/internal/crypto/_randomFill.ts": "297186f290eba87a1ad7b8aa42a960ff4278a8b6b0c963fa81918c326d5c0b58",
    "https://deno.land/std@0.177.0/node/internal/crypto/_randomInt.ts": "6cf19da9684b67520e67a2d99f2581a3f841140842c7ce2e014d166457550fe1",
    "https://deno.land/std@0.177.0/node/internal/crypto/certificate.ts": "b4a6695f82e70a42e85247c74a7691ed4b3a904646451af0287e49efe1a28814",
    "https://deno.land/std@0.177.0/node/internal/crypto/cipher.ts": "2bae9b4d94c465e4d1c70e5a9e8fd67ce20bcc66fecd2eec6be00d35144ca4eb",
    "https://deno.land/std@0.177.0/node/internal/crypto/constants.ts": "544d605703053218499b08214f2e25cf4310651d535b7ab995891c4b7a217693",
    "https://deno.land/std@0.177.0/node/internal/crypto/diffiehellman.ts": "9cfb219c5b2936db773f559b6affe6d25b0e40531010389f05df3f05ce7eebf5",
    "https://deno.land/std@0.177.0/node/internal/crypto/hash.ts": "d01f5d3ad5477655b432036d2d553c7a0c31a901ac0e1e9e0d8b3975daae7624",
    "https://deno.land/std@0.177.0/node/internal/crypto/hkdf.ts": "5bd801234e56468fbd47466f46e88bdadc66432d625e3616abe38878d410bb66",
    "https://deno.land/std@0.177.0/node/internal/crypto/keygen.ts": "530cc1a00acf71a43719bb876a2dc563b6196095d080eba77c92c9f39658a5b9",
    "https://deno.land/std@0.177.0/node/internal/crypto/keys.ts": "c4dfa5aa3420cf700178b87203593a0989c8a93934bfef2b29adb3399d687958",
    "https://deno.land/std@0.177.0/node/internal/crypto/pbkdf2.ts": "0a0a3e0d3d45db0638fe75a4199c7ed7ca2164405750a520e786e4adebdb45a4",
    "https://deno.land/std@0.177.0/node/internal/crypto/random.ts": "85f3147e14cb45c18e016da45d319a5c663309411232a956fdc09c2317acdd9f",
    "https://deno.land/std@0.177.0/node/internal/crypto/scrypt.ts": "b55a0fcd12b295af4127d05b1c0bc3098b74fc0e3c62321c2a43c20f9ed18209",
    "https://deno.land/std@0.177.0/node/internal/crypto/sig.ts": "25819a89d49c1ebfe3baa1f9464501ec599a36cf53e9b600ec0399e568b9dccc",
    "https://deno.land/std@0.177.0/node/internal/crypto/types.ts": "52feb182bcbd59206f3e2f4a3cb8a5775d4452c2a8045c3e613e2178d32c2a86",
    "https://deno.land/std@0.177.0/node/internal/crypto/util.ts": "db282c0413aeee28bc0665fcfc1c08a65fc96dc12ed4d03282f2da4907fcf0ce",
    "https://deno.land/std@0.177.0/node/internal/crypto/x509.ts": "0e8a541c4f58ecb83862c373d3f7d2371aa8f5108f55bc837b190c4ab3408764",
    "https://deno.land/std@0.177.0/node/internal/error_codes.ts": "8495e33f448a484518d76fa3d41d34fc20fe03c14b30130ad8e936b0035d4b8b",
    "https://deno.land/std@0.177.0/node/internal/errors.ts": "1c699b8a3cb93174f697a348c004b1c6d576b66688eac8a48ebb78e65c720aae",
    "https://deno.land/std@0.177.0/node/internal/fixed_queue.ts": "62bb119afa5b5ae8fc0c7048b50502347bec82e2588017d0b250c4671d6eff8f",
    "https://deno.land/std@0.177.0/node/internal/hide_stack_frames.ts": "9dd1bad0a6e62a1042ce3a51eb1b1ecee2f246907bff44835f86e8f021de679a",
    "https://deno.land/std@0.177.0/node/internal/net.ts": "5538d31b595ac63d4b3e90393168bc65ace2f332c3317cffa2fd780070b2d86c",
    "https://deno.land/std@0.177.0/node/internal/normalize_encoding.mjs": "fd1d9df61c44d7196432f6e8244621468715131d18cc79cd299fc78ac549f707",
    "https://deno.land/std@0.177.0/node/internal/options.ts": "888f267c3fe8f18dc7b2f2fbdbe7e4a0fd3302ff3e99f5d6645601e924f3e3fb",
    "https://deno.land/std@0.177.0/node/internal/primordials.mjs": "a72d86b5aa55d3d50b8e916b6a59b7cc0dc5a31da8937114b4a113ad5aa08c74",
    "https://deno.land/std@0.177.0/node/internal/process/per_thread.mjs": "10142bbb13978c2f8f79778ad90f3a67a8ea6d8d2970f3dfc6bf2c6fff0162a2",
    "https://deno.land/std@0.177.0/node/internal/readline/callbacks.mjs": "bdb129b140c3b21b5e08cdc3d8e43517ad818ac03f75197338d665cca1cbaed3",
    "https://deno.land/std@0.177.0/node/internal/readline/utils.mjs": "c3dbf3a97c01ed14052cca3848f09e2fc24818c1822ceed57c33b9f0840f3b87",
    "https://deno.land/std@0.177.0/node/internal/streams/destroy.mjs": "b665fc71178919a34ddeac8389d162a81b4bc693ff7dc2557fa41b3a91011967",
    "https://deno.land/std@0.177.0/node/internal/streams/end-of-stream.mjs": "a4fb1c2e32d58dff440d4e716e2c4daaa403b3095304a028bb428575cfeed716",
    "https://deno.land/std@0.177.0/node/internal/streams/utils.mjs": "f2fe2e6bdc506da24c758970890cc2a21642045b129dee618bd3827c60dd9e33",
    "https://deno.land/std@0.177.0/node/internal/streams/writable.mjs": "775928726d0483ace8e45a35f30db2019a22dd7b9a81b67b158420e21cc692c5",
    "https://deno.land/std@0.177.0/node/internal/util.mjs": "f7fe2e1ca5e66f550ad0856b9f5ee4d666f0c071fe212ea7fc7f37cfa81f97a5",
    "https://deno.land/std@0.177.0/node/internal/util/comparisons.ts": "9a7d95401b3d1c99ec5b12250cf6dec75efc75764b4a18be257dd8bfbe67496e",
    "https://deno.land/std@0.177.0/node/internal/util/debuglog.ts": "a2392980a65cc6916afc17fa6686242ee0e3b47bd98c792ff59358560b24185e",
    "https://deno.land/std@0.177.0/node/internal/util/inspect.mjs": "11d7c9cab514b8e485acc3978c74b837263ff9c08ae4537fa18ad56bae633259",
    "https://deno.land/std@0.177.0/node/internal/util/types.ts": "0e587b44ec5e017cf228589fc5ce9983b75beece6c39409c34170cfad49d6417",
    "https://deno.land/std@0.177.0/node/internal/validators.mjs": "e02f2b02dd072a5d623970292588d541204dc82207b4c58985d933a5f4b382e6",
    "https://deno.land/std@0.177.0/node/internal_binding/_libuv_winerror.ts": "30c9569603d4b97a1f1a034d88a3f74800d5ea1f12fcc3d225c9899d4e1a518b",
    "https://deno.land/std@0.177.0/node/internal_binding/_listen.ts": "c6038be47116f7755c01fd98340a0d1e8e66ef874710ab59ed3f5607d50d7a25",
    "https://deno.land/std@0.177.0/node/internal_binding/_node.ts": "cb2389b0eab121df99853eb6a5e3a684e4537e065fb8bf2cca0cbf219ce4e32e",
    "https://deno.land/std@0.177.0/node/internal_binding/_timingSafeEqual.ts": "7d9732464d3c669ff07713868ce5d25bc974a06112edbfb5f017fc3c70c0853e",
    "https://deno.land/std@0.177.0/node/internal_binding/_utils.ts": "7c58a2fbb031a204dee9583ba211cf9c67922112fe77e7f0b3226112469e9fe1",
    "https://deno.land/std@0.177.0/node/internal_binding/_winerror.ts": "3e8cfdfe22e89f13d2b28529bab35155e6b1730c0221ec5a6fc7077dc037be13",
    "https://deno.land/std@0.177.0/node/internal_binding/ares.ts": "bdd34c679265a6c115a8cfdde000656837a0a0dcdb0e4c258e622e136e9c31b8",
    "https://deno.land/std@0.177.0/node/internal_binding/async_wrap.ts": "0dc5ae64eea2c9e57ab17887ef1573922245167ffe38e3685c28d636f487f1b7",
    "https://deno.land/std@0.177.0/node/internal_binding/buffer.ts": "31729e0537921d6c730ad0afea44a7e8a0a1044d070ade8368226cb6f7390c8b",
    "https://deno.land/std@0.177.0/node/internal_binding/cares_wrap.ts": "9b7247772167f8ed56acd0244a232d9d50e8d7c9cfc379f77f3d54cecc2f32ab",
    "https://deno.land/std@0.177.0/node/internal_binding/config.ts": "37d293009d1718205bf28e878e54a9f1ca24c1c320cee2416c20dc054104c6ea",
    "https://deno.land/std@0.177.0/node/internal_binding/connection_wrap.ts": "7dd089ea46de38e4992d0f43a09b586e4cf04878fb06863c1cb8cb2ece7da521",
    "https://deno.land/std@0.177.0/node/internal_binding/constants.ts": "21ff9d1ee71d0a2086541083a7711842fc6ae25e264dbf45c73815aadce06f4c",
    "https://deno.land/std@0.177.0/node/internal_binding/contextify.ts": "37d293009d1718205bf28e878e54a9f1ca24c1c320cee2416c20dc054104c6ea",
    "https://deno.land/std@0.177.0/node/internal_binding/credentials.ts": "37d293009d1718205bf28e878e54a9f1ca24c1c320cee2416c20dc054104c6ea",
    "https://deno.land/std@0.177.0/node/internal_binding/crypto.ts": "29e8f94f283a2e7d4229d3551369c6a40c2af9737fad948cb9be56bef6c468cd",
    "https://deno.land/std@0.177.0/node/internal_binding/errors.ts": "37d293009d1718205bf28e878e54a9f1ca24c1c320cee2416c20dc054104c6ea",
    "https://deno.land/std@0.177.0/node/internal_binding/fs.ts": "37d293009d1718205bf28e878e54a9f1ca24c1c320cee2416c20dc054104c6ea",
    "https://deno.land/std@0.177.0/node/internal_binding/fs_dir.ts": "37d293009d1718205bf28e878e54a9f1ca24c1c320cee2416c20dc054104c6ea",
    "https://deno.land/std@0.177.0/node/internal_binding/fs_event_wrap.ts": "37d293009d1718205bf28e878e54a9f1ca24c1c320cee2416c20dc054104c6ea",
    "https://deno.land/std@0.177.0/node/internal_binding/handle_wrap.ts": "adf0b8063da2c54f26edd5e8ec50296a4d38e42716a70a229f14654b17a071d9",
    "https://deno.land/std@0.177.0/node/internal_binding/heap_utils.ts": "37d293009d1718205bf28e878e54a9f1ca24c1c320cee2416c20dc054104c6ea",
    "https://deno.land/std@0.177.0/node/internal_binding/http_parser.ts": "37d293009d1718205bf28e878e54a9f1ca24c1c320cee2416c20dc054104c6ea",
    "https://deno.land/std@0.177.0/node/internal_binding/icu.ts": "37d293009d1718205bf28e878e54a9f1ca24c1c320cee2416c20dc054104c6ea",
    "https://deno.land/std@0.177.0/node/internal_binding/inspector.ts": "37d293009d1718205bf28e878e54a9f1ca24c1c320cee2416c20dc054104c6ea",
    "https://deno.land/std@0.177.0/node/internal_binding/js_stream.ts": "37d293009d1718205bf28e878e54a9f1ca24c1c320cee2416c20dc054104c6ea",
    "https://deno.land/std@0.177.0/node/internal_binding/messaging.ts": "37d293009d1718205bf28e878e54a9f1ca24c1c320cee2416c20dc054104c6ea",
    "https://deno.land/std@0.177.0/node/internal_binding/mod.ts": "9fc65f7af1d35e2d3557539a558ea9ad7a9954eefafe614ad82d94bddfe25845",
    "https://deno.land/std@0.177.0/node/internal_binding/module_wrap.ts": "37d293009d1718205bf28e878e54a9f1ca24c1c320cee2416c20dc054104c6ea",
    "https://deno.land/std@0.177.0/node/internal_binding/native_module.ts": "37d293009d1718205bf28e878e54a9f1ca24c1c320cee2416c20dc054104c6ea",
    "https://deno.land/std@0.177.0/node/internal_binding/natives.ts": "37d293009d1718205bf28e878e54a9f1ca24c1c320cee2416c20dc054104c6ea",
    "https://deno.land/std@0.177.0/node/internal_binding/node_file.ts": "21edbbc95653e45514aff252b6cae7bf127a4338cbc5f090557d258aa205d8a5",
    "https://deno.land/std@0.177.0/node/internal_binding/node_options.ts": "0b5cb0bf4379a39278d7b7bb6bb2c2751baf428fe437abe5ed3e8441fae1f18b",
    "https://deno.land/std@0.177.0/node/internal_binding/options.ts": "37d293009d1718205bf28e878e54a9f1ca24c1c320cee2416c20dc054104c6ea",
    "https://deno.land/std@0.177.0/node/internal_binding/os.ts": "37d293009d1718205bf28e878e54a9f1ca24c1c320cee2416c20dc054104c6ea",
    "https://deno.land/std@0.177.0/node/internal_binding/performance.ts": "37d293009d1718205bf28e878e54a9f1ca24c1c320cee2416c20dc054104c6ea",
    "https://deno.land/std@0.177.0/node/internal_binding/pipe_wrap.ts": "30e3a63954313f9d5bbc2ac02c7f9be4b1204c493e47f6e1b9c7366994e6ea6d",
    "https://deno.land/std@0.177.0/node/internal_binding/process_methods.ts": "37d293009d1718205bf28e878e54a9f1ca24c1c320cee2416c20dc054104c6ea",
    "https://deno.land/std@0.177.0/node/internal_binding/report.ts": "37d293009d1718205bf28e878e54a9f1ca24c1c320cee2416c20dc054104c6ea",
    "https://deno.land/std@0.177.0/node/internal_binding/serdes.ts": "37d293009d1718205bf28e878e54a9f1ca24c1c320cee2416c20dc054104c6ea",
    "https://deno.land/std@0.177.0/node/internal_binding/signal_wrap.ts": "37d293009d1718205bf28e878e54a9f1ca24c1c320cee2416c20dc054104c6ea",
    "https://deno.land/std@0.177.0/node/internal_binding/spawn_sync.ts": "37d293009d1718205bf28e878e54a9f1ca24c1c320cee2416c20dc054104c6ea",
    "https://deno.land/std@0.177.0/node/internal_binding/stream_wrap.ts": "452bff74d1db280a0cd78c75a95bb6d163e849e06e9638c4af405d40296bd050",
    "https://deno.land/std@0.177.0/node/internal_binding/string_decoder.ts": "54c3c1cbd5a9254881be58bf22637965dc69535483014dab60487e299cb95445",
    "https://deno.land/std@0.177.0/node/internal_binding/symbols.ts": "4dee2f3a400d711fd57fa3430b8de1fdb011e08e260b81fef5b81cc06ed77129",
    "https://deno.land/std@0.177.0/node/internal_binding/task_queue.ts": "37d293009d1718205bf28e878e54a9f1ca24c1c320cee2416c20dc054104c6ea",
    "https://deno.land/std@0.177.0/node/internal_binding/tcp_wrap.ts": "d298d855e862fc9a5c94e13ad982fde99f6d8a56620a4772681b7226f5a15c91",
    "https://deno.land/std@0.177.0/node/internal_binding/timers.ts": "37d293009d1718205bf28e878e54a9f1ca24c1c320cee2416c20dc054104c6ea",
    "https://deno.land/std@0.177.0/node/internal_binding/tls_wrap.ts": "37d293009d1718205bf28e878e54a9f1ca24c1c320cee2416c20dc054104c6ea",
    "https://deno.land/std@0.177.0/node/internal_binding/trace_events.ts": "37d293009d1718205bf28e878e54a9f1ca24c1c320cee2416c20dc054104c6ea",
    "https://deno.land/std@0.177.0/node/internal_binding/tty_wrap.ts": "37d293009d1718205bf28e878e54a9f1ca24c1c320cee2416c20dc054104c6ea",
    "https://deno.land/std@0.177.0/node/internal_binding/types.ts": "2187595a58d2cf0134f4db6cc2a12bf777f452f52b15b6c3aed73fa072aa5fc3",
    "https://deno.land/std@0.177.0/node/internal_binding/udp_wrap.ts": "b77d7024aef1282b9fe6e1f6c8064ab8a7b9ecbae0bc08a36f2b30dcbb1d2752",
    "https://deno.land/std@0.177.0/node/internal_binding/url.ts": "37d293009d1718205bf28e878e54a9f1ca24c1c320cee2416c20dc054104c6ea",
    "https://deno.land/std@0.177.0/node/internal_binding/util.ts": "808ff3b92740284184ab824adfc420e75398c88c8bccf5111f0c24ac18c48f10",
    "https://deno.land/std@0.177.0/node/internal_binding/uv.ts": "eb0048e30af4db407fb3f95563e30d70efd6187051c033713b0a5b768593a3a3",
    "https://deno.land/std@0.177.0/node/internal_binding/v8.ts": "37d293009d1718205bf28e878e54a9f1ca24c1c320cee2416c20dc054104c6ea",
    "https://deno.land/std@0.177.0/node/internal_binding/worker.ts": "37d293009d1718205bf28e878e54a9f1ca24c1c320cee2416c20dc054104c6ea",
    "https://deno.land/std@0.177.0/node/internal_binding/zlib.ts": "37d293009d1718205bf28e878e54a9f1ca24c1c320cee2416c20dc054104c6ea",
    "https://deno.land/std@0.177.0/node/process.ts": "6608012d6d51a17a7346f36079c574b9b9f81f1b5c35436489ad089f39757466",
    "https://deno.land/std@0.177.0/node/stream.ts": "09e348302af40dcc7dc58aa5e40fdff868d11d8d6b0cfb85cbb9c75b9fe450c7",
    "https://deno.land/std@0.177.0/node/string_decoder.ts": "1a17e3572037c512cc5fc4b29076613e90f225474362d18da908cb7e5ccb7e88",
    "https://deno.land/std@0.177.0/node/util.ts": "4c12edeafde7e50dfe2d4022e383decb422c77858b938b093698cb7250c9e125",
    "https://deno.land/std@0.177.0/node/util/types.ts": "461b2e1118fd32456967e14b99f01c892dee1e94d144d6b96e9d94eb086a9574",
    "https://deno.land/std@0.177.0/path/_constants.ts": "e49961f6f4f48039c0dfed3c3f93e963ca3d92791c9d478ac5b43183413136e0",
    "https://deno.land/std@0.177.0/path/_interface.ts": "6471159dfbbc357e03882c2266d21ef9afdb1e4aa771b0545e90db58a0ba314b",
    "https://deno.land/std@0.177.0/path/_util.ts": "d7abb1e0dea065f427b89156e28cdeb32b045870acdf865833ba808a73b576d0",
    "https://deno.land/std@0.177.0/path/common.ts": "ee7505ab01fd22de3963b64e46cff31f40de34f9f8de1fff6a1bd2fe79380000",
    "https://deno.land/std@0.177.0/path/glob.ts": "d479e0a695621c94d3fd7fe7abd4f9499caf32a8de13f25073451c6ef420a4e1",
    "https://deno.land/std@0.177.0/path/mod.ts": "4b83694ac500d7d31b0cdafc927080a53dc0c3027eb2895790fb155082b0d232",
    "https://deno.land/std@0.177.0/path/posix.ts": "8b7c67ac338714b30c816079303d0285dd24af6b284f7ad63da5b27372a2c94d",
    "https://deno.land/std@0.177.0/path/separator.ts": "0fb679739d0d1d7bf45b68dacfb4ec7563597a902edbaf3c59b50d5bcadd93b1",
    "https://deno.land/std@0.177.0/path/win32.ts": "d186344e5583bcbf8b18af416d13d82b35a317116e6460a5a3953508c3de5bba",
    "https://deno.land/std@0.177.0/streams/write_all.ts": "3b2e1ce44913f966348ce353d02fa5369e94115181037cd8b602510853ec3033",
    "https://deno.land/std@0.177.0/testing/_diff.ts": "1a3c044aedf77647d6cac86b798c6417603361b66b54c53331b312caeb447aea",
    "https://deno.land/std@0.177.0/testing/_format.ts": "a69126e8a469009adf4cf2a50af889aca364c349797e63174884a52ff75cf4c7",
    "https://deno.land/std@0.177.0/testing/asserts.ts": "984ab0bfb3faeed92ffaa3a6b06536c66811185328c5dd146257c702c41b01ab",
    "https://deno.land/std@0.177.0/types.d.ts": "220ed56662a0bd393ba5d124aa6ae2ad36a00d2fcbc0e8666a65f4606aaa9784",
    "https://esm.sh/v121/*@digitalbazaar/did-method-key@5.1.0": "c72623522b5c6079d90c43e896a7a792ce9d9f20d9430c6976e221713a2efd40",
    "https://esm.sh/v121/*@digitalbazaar/ed25519-signature-2020@5.2.0": "7d98899e42cb96bb730f484fa85c7a2345f036005ca9f76a67ec7448de23f24a",
    "https://esm.sh/v121/*@digitalbazaar/ed25519-verification-key-2020@4.1.0": "2c4ae12348722ce9831139284c84de09cc15a433c94cd4f9d0b5426d1ac06c1e",
    "https://esm.sh/v121/*@digitalbazaar/vc@6.0.1": "187f095ed5d26a2fcaeef7c5544c575dc1d6b0b9ceb4b37f7dca3de33dc7a8df",
    "https://esm.sh/v121/*fluture-sanctuary-types@7.1.0": "90676b7abcd7e8aafee6ce4f83f6f887788eb0d70f3f09b7cfbc50b5de2cf1c8",
    "https://esm.sh/v121/*fluture@14.0.0": "f06f790967f369de12fcb528095de0239df779b1a4769f84bc56393c6194abab",
    "https://esm.sh/v121/*fluture@14.0.0/index.js": "de30fcb5b846a8e6ea7edecbb8c53ea8a9741e1b5e035d29db1fcc5fbf79758d",
    "https://esm.sh/v121/*sanctuary-def@0.22.0": "c59fac7be2897278ffeb53ac2e0bcdc652df4a30a4a0f4ee3ecd9bea55a6cd27",
    "https://esm.sh/v121/*sanctuary@3.1.0": "a1e146bbea7fb121b700e8992d0859a9dd1c6264923771ca00b5c7fec59a8945",
    "https://esm.sh/v121/@digitalbazaar/did-io@2.0.0": "f16def9c41820c76e9a107ca446586f117555368bc33eb774f2ede349f76b579",
    "https://esm.sh/v121/@digitalbazaar/did-io@2.0.0/deno/did-io.mjs": "6f07e381bc15a8ab6a165f51d7cc07098aefeb107a6494deaafc74e2cc314084",
    "https://esm.sh/v121/@digitalbazaar/did-method-key@5.1.0/X-ZS8q/deno/did-method-key.mjs": "cfa2b688ce4bd1368cc51f50cd58abef849fc5d6cea76f77994cb475c98e7578",
    "https://esm.sh/v121/@digitalbazaar/ed25519-signature-2020@5.2.0/X-ZS8q/deno/ed25519-signature-2020.mjs": "169293bd71675b8b89af312b2b48b38778100a2a2a60656cab1a37cad0c6fb49",
    "https://esm.sh/v121/@digitalbazaar/ed25519-verification-key-2020@4.1.0/X-ZS8q/deno/ed25519-verification-key-2020.mjs": "1f256697fa97f7235ea932af789bc0e1b02d58305df597225b2caa81a7f23fdd",
    "https://esm.sh/v121/@digitalbazaar/lru-memoize@3.0.0/deno/lru-memoize.mjs": "aa3a8b19c9427d5a6f71ccdd46d52138415573e2c9366a08c162dc32ee3b149e",
    "https://esm.sh/v121/@digitalbazaar/vc@6.0.1/X-ZS8q/deno/vc.mjs": "6ff2d9c9c3bcc6c7a8265133648f878f36b77e157ce43b9d1f01dc719712aeff",
    "https://esm.sh/v121/@digitalbazaar/x25519-key-agreement-key-2019@6.0.0": "c894248ba13079771e8337a2f4e6e1819d6dd7231425d28cfcb9b5272f0a735a",
    "https://esm.sh/v121/@digitalbazaar/x25519-key-agreement-key-2019@6.0.0/deno/x25519-key-agreement-key-2019.mjs": "754b1d1fee3cedd8b76d1beea4f00b2cec83a00054081aebe124d05d6f7f75bd",
    "https://esm.sh/v121/@digitalbazaar/x25519-key-agreement-key-2020@3.0.1": "f6406f8bfb30e1fc51d198f3cfa77b80cf6ab979a15ffbdc620bba8ca816d631",
    "https://esm.sh/v121/@digitalbazaar/x25519-key-agreement-key-2020@3.0.1/deno/x25519-key-agreement-key-2020.mjs": "09561f25c21005cc690a998ebc01f870c76919f70d680b2a670fb8538ef36b34",
    "https://esm.sh/v121/@noble/ed25519@1.7.3": "ed9ff93fec6db8f5d611cd0a02669b345a75047fe4bc6c530930140d220cb22e",
    "https://esm.sh/v121/@noble/ed25519@1.7.3/deno/ed25519.mjs": "f0b63875f9d007156c535549cdb3509772cfdf1ff87a8a50277d520ef145aaa0",
    "https://esm.sh/v121/@noble/ed25519@1.7.3/lib/index.d.ts": "a22a9669b2d3c24bb7ccf110e1bc5c980dfcfea9f8ac4719382223843e8a032b",
    "https://esm.sh/v121/@types/jsonld@1.5.8/index.d.ts": "9400f94eeed0ed253c0708c80b9156e56441f1d4e22c5e5da452f081054555e4",
    "https://esm.sh/v121/@types/jsonld@1.5.8/jsonld-spec.d.ts": "6abdb26e86336b4cc3ff0b3e5d534cc64957cd9cd80e6c3c2009dffef6aec36d",
    "https://esm.sh/v121/@types/jsonld@1.5.8/jsonld.d.ts": "433ddb535c2c8f3df481154cd0e91e451f8f8bed3c73498c707c2b0763d37a91",
    "https://esm.sh/v121/@types/sanctuary@3.1.0/X-ZS8q/index.d.ts": "5555ff6d2925c8cd41e4a5d51ae5b838bc1d83a010e385dc6268246f32245776",
    "https://esm.sh/v121/base58-universal@2.0.0": "dd406fe908580402bfd41ffc578669429d552817fe21968e72f5d4c4a5d7f3b8",
    "https://esm.sh/v121/base58-universal@2.0.0/deno/base58-universal.mjs": "73c235f1e39619b94830a4e620a00fe9e00a744829d0be2af2581825b47f4c97",
    "https://esm.sh/v121/base64url-universal@2.0.0": "45545942d43efbc56b7f8bc88d11298e9d66822feb904b1c5c43c969efa460e8",
    "https://esm.sh/v121/base64url-universal@2.0.0/deno/base64url-universal.mjs": "d03ca7355499a0054714339700fbc9f69bb68cbfc0c191656796070b75c67d44",
    "https://esm.sh/v121/base64url@3.0.1/deno/base64url.mjs": "965539533fbb5758878930c0c57b5018c627343ef7992ac839f8587d7559e70d",
    "https://esm.sh/v121/canonicalize@1.0.8/deno/canonicalize.mjs": "7646f9a75e7608062c2f0473d642cb17c9d6f1855acf0fdf6826df95a2b88758",
    "https://esm.sh/v121/credentials-context@2.0.0": "81cf5a41ee924ad7878efbf21473079849e5f2bbace45e8a4e8ab2b3461cc2de",
    "https://esm.sh/v121/credentials-context@2.0.0/deno/credentials-context.mjs": "46ab78e40ad46127404d89874fcb6e5d76819df39f62049da2a010fdcaaff818",
    "https://esm.sh/v121/crypto-ld@7.0.0": "023d598950e56e74d4f1d965de4afaa629a20b7499e0bae100a78a6e0eec01bf",
    "https://esm.sh/v121/crypto-ld@7.0.0/deno/crypto-ld.mjs": "1ace7d4dc9b2cc82a6115bf21c64531fdf1b8289c461f095d6923cb8393ea4a7",
    "https://esm.sh/v121/ed25519-signature-2018-context@1.1.0": "78b6bc6584665e28ed69148ee71902266362ce2c91485db5dbf25110a80ea30c",
    "https://esm.sh/v121/ed25519-signature-2018-context@1.1.0/deno/ed25519-signature-2018-context.mjs": "258c2c7ab86a501af23f26a32719c3fe2843936893ce65dfe2d0c45de37cb667",
    "https://esm.sh/v121/ed25519-signature-2020-context@1.1.0": "2e8177abcf9be11d07d10be251511810e0217a6faa5eb879fc65ae734b57428c",
    "https://esm.sh/v121/ed25519-signature-2020-context@1.1.0/deno/ed25519-signature-2020-context.mjs": "046f0c246d7fa456d6e2d4112482c7140a55bd712919e96978e01e9c6a277b66",
    "https://esm.sh/v121/ed2curve@0.3.0/deno/ed2curve.mjs": "5be28761714675f409c4911195eea2a8812eab94f8f06fcc0de2d38905750ee4",
    "https://esm.sh/v121/fluture-sanctuary-types@7.1.0/X-ZS8q/deno/fluture-sanctuary-types.mjs": "9e924f6c15527668d308f808bd1ad13d557eb7558f29c85a81717cbfc85785cb",
    "https://esm.sh/v121/fluture-sanctuary-types@7.1.0/X-ZS8q/index.d.ts": "ed057a7eab98cd4acfd60e776b573ff802da6be985256a30fca4dbc56878bef0",
    "https://esm.sh/v121/fluture@14.0.0/X-ZS8q/deno/fluture.mjs": "c696d7e3e203bd83b01f02db719372f678888e379f6ee7c4d8433b2064cda123",
    "https://esm.sh/v121/fluture@14.0.0/X-ZS8q/deno/index.js": "13e1b478633beb1d39633088aaf3591325430a60c027532fd1b541a5b330b06a",
    "https://esm.sh/v121/fluture@14.0.0/X-ZS8q/index.d.ts": "7f0d5888ab9f39515ee8f83df99377f63428ae65aa5e4daf3034035c773ea211",
    "https://esm.sh/v121/jsonld-signatures@11.2.1": "50ac9b475b80dafaf56e8e05aa3882aef9e0e3c639fc7c2a4094e7f1c2725e18",
    "https://esm.sh/v121/jsonld-signatures@11.2.1/deno/jsonld-signatures.mjs": "519b3a4d2c41adc3d228b1a5430f18861b7ff748d5c09d41187a4a7c8415e0ae",
    "https://esm.sh/v121/jsonld@8.1.1": "2475abff60a11cb45675d2b1cf00e4b73d259ec15444227e618959b21eeb9bb5",
    "https://esm.sh/v121/jsonld@8.1.1/deno/jsonld.mjs": "2b55d6eeea6dd76550d5e426d247d318aa0ddf8df9454fca578c48a1546bbbae",
    "https://esm.sh/v121/lru-cache@6.0.0/deno/lru-cache.mjs": "72372fc0d77549e3bab87fc03581afcab9f85be6a9d9ca589984c2cc941581b6",
    "https://esm.sh/v121/node_events.js": "507b1d9405b8384264d683e0508416c4be85498e65d32d0fcf64d6d353a30151",
    "https://esm.sh/v121/node_process.js": "138682d1c2af338932526443b7513103b898a9460d3e461ee315d3a68060342a",
    "https://esm.sh/v121/rdf-canonize@3.3.0/es2022/rdf-canonize.mjs": "ae0824bb47dfa14902ac4a57c82ae85bc8fb29e49e0f39a07e9da8a6db903494",
    "https://esm.sh/v121/sanctuary-def@0.22.0/X-ZS8q/deno/sanctuary-def.mjs": "549ea51583366223ce77db6fcb31d2f3a93b363cd8a260d27978787b5be99c58",
    "https://esm.sh/v121/sanctuary-either@2.1.0": "90e1d9531271f3016bed4f8b30019095ad655bde4e64cdf461f502561450e0cc",
    "https://esm.sh/v121/sanctuary-either@2.1.0/deno/sanctuary-either.mjs": "b5a7b55bc253514b5942b0d3d877ba264f513a038cdf03037444844373a12687",
    "https://esm.sh/v121/sanctuary-maybe@2.1.0": "3bdceee9cc3cfcaacd3e268ab3b8b64b315b1743954540e2752c8779c3dfd73c",
    "https://esm.sh/v121/sanctuary-maybe@2.1.0/deno/sanctuary-maybe.mjs": "a51f3a9ee9a61877feddae9e0387ca0e0dc5433b99dc52a923ed2e3f62bd5b4d",
    "https://esm.sh/v121/sanctuary-pair@2.1.0": "8ff3217ecb3c1904c580cc722209891e82a7b94fbc66509fec0c49423bad5bdb",
    "https://esm.sh/v121/sanctuary-pair@2.1.0/deno/sanctuary-pair.mjs": "014e881365a50f4ecc74d7b4298e62bfc1472715d90d3030370cec78e80491f3",
    "https://esm.sh/v121/sanctuary-show@2.0.0": "d296cfb98584434d0cceed142b39d3866e313b79207487053650005c33c4fe05",
    "https://esm.sh/v121/sanctuary-show@2.0.0/deno/sanctuary-show.mjs": "ce34effebec6399646a7a9efed7d0919f58253e5cd1d69cd0c5bff898268075c",
    "https://esm.sh/v121/sanctuary-type-classes@12.1.0": "478098583636db1dd08e4d723ddba9cf53e020708bc752f05ae9e9714d317c4d",
    "https://esm.sh/v121/sanctuary-type-classes@12.1.0/deno/sanctuary-type-classes.mjs": "e067a0627572d950008e8b6ea0dd9ae3d7e7e34b0fb00a6dfd97b3eb9ebe74f2",
    "https://esm.sh/v121/sanctuary-type-identifiers@3.0.0": "d7694954fcc308b8db8c3f00373b25db04739d725977b05779dfbe071da559b0",
    "https://esm.sh/v121/sanctuary-type-identifiers@3.0.0/deno/sanctuary-type-identifiers.mjs": "b387afebd812fcd83abaf15da4306b8e6939ec75436084ab99a70747ad7402a3",
    "https://esm.sh/v121/sanctuary@3.1.0/X-ZS8q/deno/sanctuary.mjs": "1e72b93a231de1e9e54f446f3226ea9d5c88589ac3b11171a031c4f43ac73c0e",
    "https://esm.sh/v121/serialize-error@8.1.0/deno/serialize-error.mjs": "cd5a7540f080a45f1ccc1d98040e9c4e523126b82fc898ae908bed1df9fcdc96",
    "https://esm.sh/v121/setimmediate@1.0.5/es2022/setimmediate.mjs": "bc269024b5edad4fa6061c60d4e6812b0584dee59db1ac5a18d6e7ba3b428aa4",
    "https://esm.sh/v121/tweetnacl@1.0.3/deno/tweetnacl.mjs": "c4c61e997b8d327c7ec57dc52849631759e540bc7c2e56943e5c98dcd2dab898",
    "https://esm.sh/v121/yallist@4.0.0/deno/yallist.mjs": "05c381e59bf6919f54a8da2842cdc90f4e8e237304c3cdf8a08dba1a7cd9483c"
  }
}
